
Microsoft Visual Studio Solution File, Format Version 12.00
# Visual Studio Version 17
VisualStudioVersion = 17.4.33213.308
MinimumVisualStudioVersion = 10.0.40219.1
Project("{9A19103F-16F7-4668-BE54-9A1E7A4F7556}") = "ImageBulkRenamer", "ImageBulkRenamer.csproj", "{07633653-778B-474E-8C2A-C480C6544BEA}"
EndProject
Global
	GlobalSection(SolutionConfigurationPlatforms) = preSolution
		Debug|Any CPU = Debug|Any CPU
		Debug|Mixed Platforms = Debug|Mixed Platforms
		Debug|x86 = Debug|x86
		Release|Any CPU = Release|Any CPU
		Release|Mixed Platforms = Release|Mixed Platforms
		Release|x86 = Release|x86
	EndGlobalSection
	GlobalSection(ProjectConfigurationPlatforms) = postSolution
		{07633653-778B-474E-8C2A-C480C6544BEA}.Debug|Any CPU.ActiveCfg = Debug|Any CPU
		{07633653-778B-474E-8C2A-C480C6544BEA}.Debug|Any CPU.Build.0 = Debug|Any CPU
		{07633653-778B-474E-8C2A-C480C6544BEA}.Debug|Mixed Platforms.ActiveCfg = Debug|x86
		{07633653-778B-474E-8C2A-C480C6544BEA}.Debug|Mixed Platforms.Build.0 = Debug|x86
		{07633653-778B-474E-8C2A-C480C6544BEA}.Debug|x86.ActiveCfg = Debug|Any CPU
		{07633653-778B-474E-8C2A-C480C6544BEA}.Debug|x86.Build.0 = Debug|Any CPU
		{07633653-778B-474E-8C2A-C480C6544BEA}.Release|Any CPU.ActiveCfg = Release|Any CPU
		{07633653-778B-474E-8C2A-C480C6544BEA}.Release|Any CPU.Build.0 = Release|Any CPU
		{07633653-778B-474E-8C2A-C480C6544BEA}.Release|Mixed Platforms.ActiveCfg = Release|x86
		{07633653-778B-474E-8C2A-C480C6544BEA}.Release|Mixed Platforms.Build.0 = Release|x86
		{07633653-778B-474E-8C2A-C480C6544BEA}.Release|x86.ActiveCfg = Release|Any CPU
		{07633653-778B-474E-8C2A-C480C6544BEA}.Release|x86.Build.0 = Release|Any CPU
	EndGlobalSection
	GlobalSection(SolutionProperties) = preSolution
		HideSolutionNode = FALSE
	EndGlobalSection
	GlobalSection(ExtensibilityGlobals) = postSolution
		SolutionGuid = {93C3BE09-57C0-4212-8C82-E8070F69A0E1}
	EndGlobalSection
EndGlobal
